
Microsoft Visual Studio Solution File, Format Version 12.00
# Visual Studio Version 17
VisualStudioVersion = 17.11.35219.272
MinimumVisualStudioVersion = 10.0.40219.1
Project("{FAE04EC0-301F-11D3-BF4B-00C04F79EFBC}") = "LABORATORNAI 5 PART 2", "LABORATORNAI 5 PART 2\LABORATORNAI 5 PART 2.csproj", "{1B93A713-3EBB-4AB0-BC7C-1B222DC9ED1D}"
EndProject
Global
	GlobalSection(SolutionConfigurationPlatforms) = preSolution
		Debug|Any CPU = Debug|Any CPU
		Release|Any CPU = Release|Any CPU
	EndGlobalSection
	GlobalSection(ProjectConfigurationPlatforms) = postSolution
		{1B93A713-3EBB-4AB0-BC7C-1B222DC9ED1D}.Debug|Any CPU.ActiveCfg = Debug|Any CPU
		{1B93A713-3EBB-4AB0-BC7C-1B222DC9ED1D}.Debug|Any CPU.Build.0 = Debug|Any CPU
		{1B93A713-3EBB-4AB0-BC7C-1B222DC9ED1D}.Release|Any CPU.ActiveCfg = Release|Any CPU
		{1B93A713-3EBB-4AB0-BC7C-1B222DC9ED1D}.Release|Any CPU.Build.0 = Release|Any CPU
	EndGlobalSection
	GlobalSection(SolutionProperties) = preSolution
		HideSolutionNode = FALSE
	EndGlobalSection
	GlobalSection(ExtensibilityGlobals) = postSolution
		SolutionGuid = {37D3F7E6-22CB-420B-9411-CFF2EFD0C9AA}
	EndGlobalSection
EndGlobal
